// !$*UTF8*$!
{
	archiveVersion = 1;
	classes = {
	};
	objectVersion = 56;
	objects = {

/* Begin PBXBuildFile section */
		E9A18FD12BB4B289008516E4 /* AppDelegate.swift in Sources */ = {isa = PBXBuildFile; fileRef = E9A18FD02BB4B289008516E4 /* AppDelegate.swift */; };
		E9A18FD32BB4B289008516E4 /* SceneDelegate.swift in Sources */ = {isa = PBXBuildFile; fileRef = E9A18FD22BB4B289008516E4 /* SceneDelegate.swift */; };
		E9A18FD52BB4B289008516E4 /* IntroductionViewController.swift in Sources */ = {isa = PBXBuildFile; fileRef = E9A18FD42BB4B289008516E4 /* IntroductionViewController.swift */; };
		E9A18FD82BB4B289008516E4 /* Main.storyboard in Resources */ = {isa = PBXBuildFile; fileRef = E9A18FD62BB4B289008516E4 /* Main.storyboard */; };
		E9A18FDB2BB4B289008516E4 /* PersonalityQuiz.xcdatamodeld in Sources */ = {isa = PBXBuildFile; fileRef = E9A18FD92BB4B289008516E4 /* PersonalityQuiz.xcdatamodeld */; };
		E9A18FDD2BB4B28B008516E4 /* Assets.xcassets in Resources */ = {isa = PBXBuildFile; fileRef = E9A18FDC2BB4B28B008516E4 /* Assets.xcassets */; };
		E9A18FE02BB4B28B008516E4 /* LaunchScreen.storyboard in Resources */ = {isa = PBXBuildFile; fileRef = E9A18FDE2BB4B28B008516E4 /* LaunchScreen.storyboard */; };
		E9A18FEC2BB4B28B008516E4 /* PersonalityQuizTests.swift in Sources */ = {isa = PBXBuildFile; fileRef = E9A18FEB2BB4B28B008516E4 /* PersonalityQuizTests.swift */; };
		E9A18FF62BB4B28B008516E4 /* PersonalityQuizUITests.swift in Sources */ = {isa = PBXBuildFile; fileRef = E9A18FF52BB4B28B008516E4 /* PersonalityQuizUITests.swift */; };
		E9A18FF82BB4B28B008516E4 /* PersonalityQuizUITestsLaunchTests.swift in Sources */ = {isa = PBXBuildFile; fileRef = E9A18FF72BB4B28B008516E4 /* PersonalityQuizUITestsLaunchTests.swift */; };
		E9A190052BB4F975008516E4 /* QuestionViewController.swift in Sources */ = {isa = PBXBuildFile; fileRef = E9A190042BB4F975008516E4 /* QuestionViewController.swift */; };
		E9A190072BB4F99B008516E4 /* ResultsViewController.swift in Sources */ = {isa = PBXBuildFile; fileRef = E9A190062BB4F99B008516E4 /* ResultsViewController.swift */; };
		E9A190092BB7216D008516E4 /* Question.swift in Sources */ = {isa = PBXBuildFile; fileRef = E9A190082BB7216D008516E4 /* Question.swift */; };
/* End PBXBuildFile section */

/* Begin PBXContainerItemProxy section */
		E9A18FE82BB4B28B008516E4 /* PBXContainerItemProxy */ = {
			isa = PBXContainerItemProxy;
			containerPortal = E9A18FC52BB4B289008516E4 /* Project object */;
			proxyType = 1;
			remoteGlobalIDString = E9A18FCC2BB4B289008516E4;
			remoteInfo = PersonalityQuiz;
		};
		E9A18FF22BB4B28B008516E4 /* PBXContainerItemProxy */ = {
			isa = PBXContainerItemProxy;
			containerPortal = E9A18FC52BB4B289008516E4 /* Project object */;
			proxyType = 1;
			remoteGlobalIDString = E9A18FCC2BB4B289008516E4;
			remoteInfo = PersonalityQuiz;
		};
/* End PBXContainerItemProxy section */

/* Begin PBXFileReference section */
		E9A18FCD2BB4B289008516E4 /* PersonalityQuiz.app */ = {isa = PBXFileReference; explicitFileType = wrapper.application; includeInIndex = 0; path = PersonalityQuiz.app; sourceTree = BUILT_PRODUCTS_DIR; };
		E9A18FD02BB4B289008516E4 /* AppDelegate.swift */ = {isa = PBXFileReference; lastKnownFileType = sourcecode.swift; path = AppDelegate.swift; sourceTree = "<group>"; };
		E9A18FD22BB4B289008516E4 /* SceneDelegate.swift */ = {isa = PBXFileReference; lastKnownFileType = sourcecode.swift; path = SceneDelegate.swift; sourceTree = "<group>"; };
		E9A18FD42BB4B289008516E4 /* IntroductionViewController.swift */ = {isa = PBXFileReference; lastKnownFileType = sourcecode.swift; path = IntroductionViewController.swift; sourceTree = "<group>"; };
		E9A18FD72BB4B289008516E4 /* Base */ = {isa = PBXFileReference; lastKnownFileType = file.storyboard; name = Base; path = Base.lproj/Main.storyboard; sourceTree = "<group>"; };
		E9A18FDA2BB4B289008516E4 /* PersonalityQuiz.xcdatamodel */ = {isa = PBXFileReference; lastKnownFileType = wrapper.xcdatamodel; path = PersonalityQuiz.xcdatamodel; sourceTree = "<group>"; };
		E9A18FDC2BB4B28B008516E4 /* Assets.xcassets */ = {isa = PBXFileReference; lastKnownFileType = folder.assetcatalog; path = Assets.xcassets; sourceTree = "<group>"; };
		E9A18FDF2BB4B28B008516E4 /* Base */ = {isa = PBXFileReference; lastKnownFileType = file.storyboard; name = Base; path = Base.lproj/LaunchScreen.storyboard; sourceTree = "<group>"; };
		E9A18FE12BB4B28B008516E4 /* PersonalityQuiz.entitlements */ = {isa = PBXFileReference; lastKnownFileType = text.plist.entitlements; path = PersonalityQuiz.entitlements; sourceTree = "<group>"; };
		E9A18FE22BB4B28B008516E4 /* Info.plist */ = {isa = PBXFileReference; lastKnownFileType = text.plist.xml; path = Info.plist; sourceTree = "<group>"; };
		E9A18FE72BB4B28B008516E4 /* PersonalityQuizTests.xctest */ = {isa = PBXFileReference; explicitFileType = wrapper.cfbundle; includeInIndex = 0; path = PersonalityQuizTests.xctest; sourceTree = BUILT_PRODUCTS_DIR; };
		E9A18FEB2BB4B28B008516E4 /* PersonalityQuizTests.swift */ = {isa = PBXFileReference; lastKnownFileType = sourcecode.swift; path = PersonalityQuizTests.swift; sourceTree = "<group>"; };
		E9A18FF12BB4B28B008516E4 /* PersonalityQuizUITests.xctest */ = {isa = PBXFileReference; explicitFileType = wrapper.cfbundle; includeInIndex = 0; path = PersonalityQuizUITests.xctest; sourceTree = BUILT_PRODUCTS_DIR; };
		E9A18FF52BB4B28B008516E4 /* PersonalityQuizUITests.swift */ = {isa = PBXFileReference; lastKnownFileType = sourcecode.swift; path = PersonalityQuizUITests.swift; sourceTree = "<group>"; };
		E9A18FF72BB4B28B008516E4 /* PersonalityQuizUITestsLaunchTests.swift */ = {isa = PBXFileReference; lastKnownFileType = sourcecode.swift; path = PersonalityQuizUITestsLaunchTests.swift; sourceTree = "<group>"; };
		E9A190042BB4F975008516E4 /* QuestionViewController.swift */ = {isa = PBXFileReference; lastKnownFileType = sourcecode.swift; path = QuestionViewController.swift; sourceTree = "<group>"; };
		E9A190062BB4F99B008516E4 /* ResultsViewController.swift */ = {isa = PBXFileReference; lastKnownFileType = sourcecode.swift; path = ResultsViewController.swift; sourceTree = "<group>"; };
		E9A190082BB7216D008516E4 /* Question.swift */ = {isa = PBXFileReference; lastKnownFileType = sourcecode.swift; path = Question.swift; sourceTree = "<group>"; };
/* End PBXFileReference section */

/* Begin PBXFrameworksBuildPhase section */
		E9A18FCA2BB4B289008516E4 /* Frameworks */ = {
			isa = PBXFrameworksBuildPhase;
			buildActionMask = 2147483647;
			files = (
			);
			runOnlyForDeploymentPostprocessing = 0;
		};
		E9A18FE42BB4B28B008516E4 /* Frameworks */ = {
			isa = PBXFrameworksBuildPhase;
			buildActionMask = 2147483647;
			files = (
			);
			runOnlyForDeploymentPostprocessing = 0;
		};
		E9A18FEE2BB4B28B008516E4 /* Frameworks */ = {
			isa = PBXFrameworksBuildPhase;
			buildActionMask = 2147483647;
			files = (
			);
			runOnlyForDeploymentPostprocessing = 0;
		};
/* End PBXFrameworksBuildPhase section */

/* Begin PBXGroup section */
		E9A18FC42BB4B289008516E4 = {
			isa = PBXGroup;
			children = (
				E9A18FCF2BB4B289008516E4 /* PersonalityQuiz */,
				E9A18FEA2BB4B28B008516E4 /* PersonalityQuizTests */,
				E9A18FF42BB4B28B008516E4 /* PersonalityQuizUITests */,
				E9A18FCE2BB4B289008516E4 /* Products */,
			);
			sourceTree = "<group>";
		};
		E9A18FCE2BB4B289008516E4 /* Products */ = {
			isa = PBXGroup;
			children = (
				E9A18FCD2BB4B289008516E4 /* PersonalityQuiz.app */,
				E9A18FE72BB4B28B008516E4 /* PersonalityQuizTests.xctest */,
				E9A18FF12BB4B28B008516E4 /* PersonalityQuizUITests.xctest */,
			);
			name = Products;
			sourceTree = "<group>";
		};
		E9A18FCF2BB4B289008516E4 /* PersonalityQuiz */ = {
			isa = PBXGroup;
			children = (
				E9A18FD02BB4B289008516E4 /* AppDelegate.swift */,
				E9A18FD22BB4B289008516E4 /* SceneDelegate.swift */,
				E9A18FD42BB4B289008516E4 /* IntroductionViewController.swift */,
				E9A18FD62BB4B289008516E4 /* Main.storyboard */,
				E9A190082BB7216D008516E4 /* Question.swift */,
				E9A190042BB4F975008516E4 /* QuestionViewController.swift */,
				E9A190062BB4F99B008516E4 /* ResultsViewController.swift */,
				E9A18FDC2BB4B28B008516E4 /* Assets.xcassets */,
				E9A18FDE2BB4B28B008516E4 /* LaunchScreen.storyboard */,
				E9A18FE12BB4B28B008516E4 /* PersonalityQuiz.entitlements */,
				E9A18FE22BB4B28B008516E4 /* Info.plist */,
				E9A18FD92BB4B289008516E4 /* PersonalityQuiz.xcdatamodeld */,
			);
			path = PersonalityQuiz;
			sourceTree = "<group>";
		};
		E9A18FEA2BB4B28B008516E4 /* PersonalityQuizTests */ = {
			isa = PBXGroup;
			children = (
				E9A18FEB2BB4B28B008516E4 /* PersonalityQuizTests.swift */,
			);
			path = PersonalityQuizTests;
			sourceTree = "<group>";
		};
		E9A18FF42BB4B28B008516E4 /* PersonalityQuizUITests */ = {
			isa = PBXGroup;
			children = (
				E9A18FF52BB4B28B008516E4 /* PersonalityQuizUITests.swift */,
				E9A18FF72BB4B28B008516E4 /* PersonalityQuizUITestsLaunchTests.swift */,
			);
			path = PersonalityQuizUITests;
			sourceTree = "<group>";
		};
/* End PBXGroup section */

/* Begin PBXNativeTarget section */
		E9A18FCC2BB4B289008516E4 /* PersonalityQuiz */ = {
			isa = PBXNativeTarget;
			buildConfigurationList = E9A18FFB2BB4B28B008516E4 /* Build configuration list for PBXNativeTarget "PersonalityQuiz" */;
			buildPhases = (
				E9A18FC92BB4B289008516E4 /* Sources */,
				E9A18FCA2BB4B289008516E4 /* Frameworks */,
				E9A18FCB2BB4B289008516E4 /* Resources */,
			);
			buildRules = (
			);
			dependencies = (
			);
			name = PersonalityQuiz;
			productName = PersonalityQuiz;
			productReference = E9A18FCD2BB4B289008516E4 /* PersonalityQuiz.app */;
			productType = "com.apple.product-type.application";
		};
		E9A18FE62BB4B28B008516E4 /* PersonalityQuizTests */ = {
			isa = PBXNativeTarget;
			buildConfigurationList = E9A18FFE2BB4B28B008516E4 /* Build configuration list for PBXNativeTarget "PersonalityQuizTests" */;
			buildPhases = (
				E9A18FE32BB4B28B008516E4 /* Sources */,
				E9A18FE42BB4B28B008516E4 /* Frameworks */,
				E9A18FE52BB4B28B008516E4 /* Resources */,
			);
			buildRules = (
			);
			dependencies = (
				E9A18FE92BB4B28B008516E4 /* PBXTargetDependency */,
			);
			name = PersonalityQuizTests;
			productName = PersonalityQuizTests;
			productReference = E9A18FE72BB4B28B008516E4 /* PersonalityQuizTests.xctest */;
			productType = "com.apple.product-type.bundle.unit-test";
		};
		E9A18FF02BB4B28B008516E4 /* PersonalityQuizUITests */ = {
			isa = PBXNativeTarget;
			buildConfigurationList = E9A190012BB4B28B008516E4 /* Build configuration list for PBXNativeTarget "PersonalityQuizUITests" */;
			buildPhases = (
				E9A18FED2BB4B28B008516E4 /* Sources */,
				E9A18FEE2BB4B28B008516E4 /* Frameworks */,
				E9A18FEF2BB4B28B008516E4 /* Resources */,
			);
			buildRules = (
			);
			dependencies = (
				E9A18FF32BB4B28B008516E4 /* PBXTargetDependency */,
			);
			name = PersonalityQuizUITests;
			productName = PersonalityQuizUITests;
			productReference = E9A18FF12BB4B28B008516E4 /* PersonalityQuizUITests.xctest */;
			productType = "com.apple.product-type.bundle.ui-testing";
		};
/* End PBXNativeTarget section */

/* Begin PBXProject section */
		E9A18FC52BB4B289008516E4 /* Project object */ = {
			isa = PBXProject;
			attributes = {
				BuildIndependentTargetsInParallel = 1;
				LastSwiftUpdateCheck = 1520;
				LastUpgradeCheck = 1520;
				TargetAttributes = {
					E9A18FCC2BB4B289008516E4 = {
						CreatedOnToolsVersion = 15.2;
					};
					E9A18FE62BB4B28B008516E4 = {
						CreatedOnToolsVersion = 15.2;
						TestTargetID = E9A18FCC2BB4B289008516E4;
					};
					E9A18FF02BB4B28B008516E4 = {
						CreatedOnToolsVersion = 15.2;
						TestTargetID = E9A18FCC2BB4B289008516E4;
					};
				};
			};
			buildConfigurationList = E9A18FC82BB4B289008516E4 /* Build configuration list for PBXProject "PersonalityQuiz" */;
			compatibilityVersion = "Xcode 14.0";
			developmentRegion = en;
			hasScannedForEncodings = 0;
			knownRegions = (
				en,
				Base,
			);
			mainGroup = E9A18FC42BB4B289008516E4;
			productRefGroup = E9A18FCE2BB4B289008516E4 /* Products */;
			projectDirPath = "";
			projectRoot = "";
			targets = (
				E9A18FCC2BB4B289008516E4 /* PersonalityQuiz */,
				E9A18FE62BB4B28B008516E4 /* PersonalityQuizTests */,
				E9A18FF02BB4B28B008516E4 /* PersonalityQuizUITests */,
			);
		};
/* End PBXProject section */

/* Begin PBXResourcesBuildPhase section */
		E9A18FCB2BB4B289008516E4 /* Resources */ = {
			isa = PBXResourcesBuildPhase;
			buildActionMask = 2147483647;
			files = (
				E9A18FE02BB4B28B008516E4 /* LaunchScreen.storyboard in Resources */,
				E9A18FDD2BB4B28B008516E4 /* Assets.xcassets in Resources */,
				E9A18FD82BB4B289008516E4 /* Main.storyboard in Resources */,
			);
			runOnlyForDeploymentPostprocessing = 0;
		};
		E9A18FE52BB4B28B008516E4 /* Resources */ = {
			isa = PBXResourcesBuildPhase;
			buildActionMask = 2147483647;
			files = (
			);
			runOnlyForDeploymentPostprocessing = 0;
		};
		E9A18FEF2BB4B28B008516E4 /* Resources */ = {
			isa = PBXResourcesBuildPhase;
			buildActionMask = 2147483647;
			files = (
			);
			runOnlyForDeploymentPostprocessing = 0;
		};
/* End PBXResourcesBuildPhase section */

/* Begin PBXSourcesBuildPhase section */
		E9A18FC92BB4B289008516E4 /* Sources */ = {
			isa = PBXSourcesBuildPhase;
			buildActionMask = 2147483647;
			files = (
				E9A18FD52BB4B289008516E4 /* IntroductionViewController.swift in Sources */,
				E9A190052BB4F975008516E4 /* QuestionViewController.swift in Sources */,
				E9A18FD12BB4B289008516E4 /* AppDelegate.swift in Sources */,
				E9A18FD32BB4B289008516E4 /* SceneDelegate.swift in Sources */,
				E9A18FDB2BB4B289008516E4 /* PersonalityQuiz.xcdatamodeld in Sources */,
				E9A190092BB7216D008516E4 /* Question.swift in Sources */,
				E9A190072BB4F99B008516E4 /* ResultsViewController.swift in Sources */,
			);
			runOnlyForDeploymentPostprocessing = 0;
		};
		E9A18FE32BB4B28B008516E4 /* Sources */ = {
			isa = PBXSourcesBuildPhase;
			buildActionMask = 2147483647;
			files = (
				E9A18FEC2BB4B28B008516E4 /* PersonalityQuizTests.swift in Sources */,
			);
			runOnlyForDeploymentPostprocessing = 0;
		};
		E9A18FED2BB4B28B008516E4 /* Sources */ = {
			isa = PBXSourcesBuildPhase;
			buildActionMask = 2147483647;
			files = (
				E9A18FF82BB4B28B008516E4 /* PersonalityQuizUITestsLaunchTests.swift in Sources */,
				E9A18FF62BB4B28B008516E4 /* PersonalityQuizUITests.swift in Sources */,
			);
			runOnlyForDeploymentPostprocessing = 0;
		};
/* End PBXSourcesBuildPhase section */

/* Begin PBXTargetDependency section */
		E9A18FE92BB4B28B008516E4 /* PBXTargetDependency */ = {
			isa = PBXTargetDependency;
			target = E9A18FCC2BB4B289008516E4 /* PersonalityQuiz */;
			targetProxy = E9A18FE82BB4B28B008516E4 /* PBXContainerItemProxy */;
		};
		E9A18FF32BB4B28B008516E4 /* PBXTargetDependency */ = {
			isa = PBXTargetDependency;
			target = E9A18FCC2BB4B289008516E4 /* PersonalityQuiz */;
			targetProxy = E9A18FF22BB4B28B008516E4 /* PBXContainerItemProxy */;
		};
/* End PBXTargetDependency section */

/* Begin PBXVariantGroup section */
		E9A18FD62BB4B289008516E4 /* Main.storyboard */ = {
			isa = PBXVariantGroup;
			children = (
				E9A18FD72BB4B289008516E4 /* Base */,
			);
			name = Main.storyboard;
			sourceTree = "<group>";
		};
		E9A18FDE2BB4B28B008516E4 /* LaunchScreen.storyboard */ = {
			isa = PBXVariantGroup;
			children = (
				E9A18FDF2BB4B28B008516E4 /* Base */,
			);
			name = LaunchScreen.storyboard;
			sourceTree = "<group>";
		};
/* End PBXVariantGroup section */

/* Begin XCBuildConfiguration section */
		E9A18FF92BB4B28B008516E4 /* Debug */ = {
			isa = XCBuildConfiguration;
			buildSettings = {
				ALWAYS_SEARCH_USER_PATHS = NO;
				ASSETCATALOG_COMPILER_GENERATE_SWIFT_ASSET_SYMBOL_EXTENSIONS = YES;
				CLANG_ANALYZER_NONNULL = YES;
				CLANG_ANALYZER_NUMBER_OBJECT_CONVERSION = YES_AGGRESSIVE;
				CLANG_CXX_LANGUAGE_STANDARD = "gnu++20";
				CLANG_ENABLE_MODULES = YES;
				CLANG_ENABLE_OBJC_ARC = YES;
				CLANG_ENABLE_OBJC_WEAK = YES;
				CLANG_WARN_BLOCK_CAPTURE_AUTORELEASING = YES;
				CLANG_WARN_BOOL_CONVERSION = YES;
				CLANG_WARN_COMMA = YES;
				CLANG_WARN_CONSTANT_CONVERSION = YES;
				CLANG_WARN_DEPRECATED_OBJC_IMPLEMENTATIONS = YES;
				CLANG_WARN_DIRECT_OBJC_ISA_USAGE = YES_ERROR;
				CLANG_WARN_DOCUMENTATION_COMMENTS = YES;
				CLANG_WARN_EMPTY_BODY = YES;
				CLANG_WARN_ENUM_CONVERSION = YES;
				CLANG_WARN_INFINITE_RECURSION = YES;
				CLANG_WARN_INT_CONVERSION = YES;
				CLANG_WARN_NON_LITERAL_NULL_CONVERSION = YES;
				CLANG_WARN_OBJC_IMPLICIT_RETAIN_SELF = YES;
				CLANG_WARN_OBJC_LITERAL_CONVERSION = YES;
				CLANG_WARN_OBJC_ROOT_CLASS = YES_ERROR;
				CLANG_WARN_QUOTED_INCLUDE_IN_FRAMEWORK_HEADER = YES;
				CLANG_WARN_RANGE_LOOP_ANALYSIS = YES;
				CLANG_WARN_STRICT_PROTOTYPES = YES;
				CLANG_WARN_SUSPICIOUS_MOVE = YES;
				CLANG_WARN_UNGUARDED_AVAILABILITY = YES_AGGRESSIVE;
				CLANG_WARN_UNREACHABLE_CODE = YES;
				CLANG_WARN__DUPLICATE_METHOD_MATCH = YES;
				COPY_PHASE_STRIP = NO;
				DEBUG_INFORMATION_FORMAT = dwarf;
				ENABLE_STRICT_OBJC_MSGSEND = YES;
				ENABLE_TESTABILITY = YES;
				ENABLE_USER_SCRIPT_SANDBOXING = YES;
				GCC_C_LANGUAGE_STANDARD = gnu17;
				GCC_DYNAMIC_NO_PIC = NO;
				GCC_NO_COMMON_BLOCKS = YES;
				GCC_OPTIMIZATION_LEVEL = 0;
				GCC_PREPROCESSOR_DEFINITIONS = (
					"DEBUG=1",
					"$(inherited)",
				);
				GCC_WARN_64_TO_32_BIT_CONVERSION = YES;
				GCC_WARN_ABOUT_RETURN_TYPE = YES_ERROR;
				GCC_WARN_UNDECLARED_SELECTOR = YES;
				GCC_WARN_UNINITIALIZED_AUTOS = YES_AGGRESSIVE;
				GCC_WARN_UNUSED_FUNCTION = YES;
				GCC_WARN_UNUSED_VARIABLE = YES;
				IPHONEOS_DEPLOYMENT_TARGET = 17.2;
				LOCALIZATION_PREFERS_STRING_CATALOGS = YES;
				MTL_ENABLE_DEBUG_INFO = INCLUDE_SOURCE;
				MTL_FAST_MATH = YES;
				ONLY_ACTIVE_ARCH = YES;
				SDKROOT = iphoneos;
				SWIFT_ACTIVE_COMPILATION_CONDITIONS = "DEBUG $(inherited)";
				SWIFT_OPTIMIZATION_LEVEL = "-Onone";
			};
			name = Debug;
		};
		E9A18FFA2BB4B28B008516E4 /* Release */ = {
			isa = XCBuildConfiguration;
			buildSettings = {
				ALWAYS_SEARCH_USER_PATHS = NO;
				ASSETCATALOG_COMPILER_GENERATE_SWIFT_ASSET_SYMBOL_EXTENSIONS = YES;
				CLANG_ANALYZER_NONNULL = YES;
				CLANG_ANALYZER_NUMBER_OBJECT_CONVERSION = YES_AGGRESSIVE;
				CLANG_CXX_LANGUAGE_STANDARD = "gnu++20";
				CLANG_ENABLE_MODULES = YES;
				CLANG_ENABLE_OBJC_ARC = YES;
				CLANG_ENABLE_OBJC_WEAK = YES;
				CLANG_WARN_BLOCK_CAPTURE_AUTORELEASING = YES;
				CLANG_WARN_BOOL_CONVERSION = YES;
				CLANG_WARN_COMMA = YES;
				CLANG_WARN_CONSTANT_CONVERSION = YES;
				CLANG_WARN_DEPRECATED_OBJC_IMPLEMENTATIONS = YES;
				CLANG_WARN_DIRECT_OBJC_ISA_USAGE = YES_ERROR;
				CLANG_WARN_DOCUMENTATION_COMMENTS = YES;
				CLANG_WARN_EMPTY_BODY = YES;
				CLANG_WARN_ENUM_CONVERSION = YES;
				CLANG_WARN_INFINITE_RECURSION = YES;
				CLANG_WARN_INT_CONVERSION = YES;
				CLANG_WARN_NON_LITERAL_NULL_CONVERSION = YES;
				CLANG_WARN_OBJC_IMPLICIT_RETAIN_SELF = YES;
				CLANG_WARN_OBJC_LITERAL_CONVERSION = YES;
				CLANG_WARN_OBJC_ROOT_CLASS = YES_ERROR;
				CLANG_WARN_QUOTED_INCLUDE_IN_FRAMEWORK_HEADER = YES;
				CLANG_WARN_RANGE_LOOP_ANALYSIS = YES;
				CLANG_WARN_STRICT_PROTOTYPES = YES;
				CLANG_WARN_SUSPICIOUS_MOVE = YES;
				CLANG_WARN_UNGUARDED_AVAILABILITY = YES_AGGRESSIVE;
				CLANG_WARN_UNREACHABLE_CODE = YES;
				CLANG_WARN__DUPLICATE_METHOD_MATCH = YES;
				COPY_PHASE_STRIP = NO;
				DEBUG_INFORMATION_FORMAT = "dwarf-with-dsym";
				ENABLE_NS_ASSERTIONS = NO;
				ENABLE_STRICT_OBJC_MSGSEND = YES;
				ENABLE_USER_SCRIPT_SANDBOXING = YES;
				GCC_C_LANGUAGE_STANDARD = gnu17;
				GCC_NO_COMMON_BLOCKS = YES;
				GCC_WARN_64_TO_32_BIT_CONVERSION = YES;
				GCC_WARN_ABOUT_RETURN_TYPE = YES_ERROR;
				GCC_WARN_UNDECLARED_SELECTOR = YES;
				GCC_WARN_UNINITIALIZED_AUTOS = YES_AGGRESSIVE;
				GCC_WARN_UNUSED_FUNCTION = YES;
				GCC_WARN_UNUSED_VARIABLE = YES;
				IPHONEOS_DEPLOYMENT_TARGET = 17.2;
				LOCALIZATION_PREFERS_STRING_CATALOGS = YES;
				MTL_ENABLE_DEBUG_INFO = NO;
				MTL_FAST_MATH = YES;
				SDKROOT = iphoneos;
				SWIFT_COMPILATION_MODE = wholemodule;
				VALIDATE_PRODUCT = YES;
			};
			name = Release;
		};
		E9A18FFC2BB4B28B008516E4 /* Debug */ = {
			isa = XCBuildConfiguration;
			buildSettings = {
				ASSETCATALOG_COMPILER_APPICON_NAME = AppIcon;
				ASSETCATALOG_COMPILER_GLOBAL_ACCENT_COLOR_NAME = AccentColor;
				CODE_SIGN_ENTITLEMENTS = PersonalityQuiz/PersonalityQuiz.entitlements;
				CODE_SIGN_STYLE = Automatic;
				CURRENT_PROJECT_VERSION = 1;
				GENERATE_INFOPLIST_FILE = YES;
				INFOPLIST_FILE = PersonalityQuiz/Info.plist;
				INFOPLIST_KEY_UIApplicationSupportsIndirectInputEvents = YES;
				INFOPLIST_KEY_UILaunchStoryboardName = LaunchScreen;
				INFOPLIST_KEY_UIMainStoryboardFile = Main;
				INFOPLIST_KEY_UISupportedInterfaceOrientations_iPad = "UIInterfaceOrientationPortrait UIInterfaceOrientationPortraitUpsideDown UIInterfaceOrientationLandscapeLeft UIInterfaceOrientationLandscapeRight";
				INFOPLIST_KEY_UISupportedInterfaceOrientations_iPhone = "UIInterfaceOrientationPortrait UIInterfaceOrientationLandscapeLeft UIInterfaceOrientationLandscapeRight";
				LD_RUNPATH_SEARCH_PATHS = (
					"$(inherited)",
					"@executable_path/Frameworks",
				);
				MARKETING_VERSION = 1.0;
				PRODUCT_BUNDLE_IDENTIFIER = com.seneca.160535217.PersonalityQuiz;
				PRODUCT_NAME = "$(TARGET_NAME)";
				SWIFT_EMIT_LOC_STRINGS = YES;
				SWIFT_VERSION = 5.0;
				TARGETED_DEVICE_FAMILY = "1,2";
			};
			name = Debug;
		};
		E9A18FFD2BB4B28B008516E4 /* Release */ = {
			isa = XCBuildConfiguration;
			buildSettings = {
				ASSETCATALOG_COMPILER_APPICON_NAME = AppIcon;
				ASSETCATALOG_COMPILER_GLOBAL_ACCENT_COLOR_NAME = AccentColor;
				CODE_SIGN_ENTITLEMENTS = PersonalityQuiz/PersonalityQuiz.entitlements;
				CODE_SIGN_STYLE = Automatic;
				CURRENT_PROJECT_VERSION = 1;
				GENERATE_INFOPLIST_FILE = YES;
				INFOPLIST_FILE = PersonalityQuiz/Info.plist;
				INFOPLIST_KEY_UIApplicationSupportsIndirectInputEvents = YES;
				INFOPLIST_KEY_UILaunchStoryboardName = LaunchScreen;
				INFOPLIST_KEY_UIMainStoryboardFile = Main;
				INFOPLIST_KEY_UISupportedInterfaceOrientations_iPad = "UIInterfaceOrientationPortrait UIInterfaceOrientationPortraitUpsideDown UIInterfaceOrientationLandscapeLeft UIInterfaceOrientationLandscapeRight";
				INFOPLIST_KEY_UISupportedInterfaceOrientations_iPhone = "UIInterfaceOrientationPortrait UIInterfaceOrientationLandscapeLeft UIInterfaceOrientationLandscapeRight";
				LD_RUNPATH_SEARCH_PATHS = (
					"$(inherited)",
					"@executable_path/Frameworks",
				);
				MARKETING_VERSION = 1.0;
				PRODUCT_BUNDLE_IDENTIFIER = com.seneca.160535217.PersonalityQuiz;
				PRODUCT_NAME = "$(TARGET_NAME)";
				SWIFT_EMIT_LOC_STRINGS = YES;
				SWIFT_VERSION = 5.0;
				TARGETED_DEVICE_FAMILY = "1,2";
			};
			name = Release;
		};
		E9A18FFF2BB4B28B008516E4 /* Debug */ = {
			isa = XCBuildConfiguration;
			buildSettings = {
				ALWAYS_EMBED_SWIFT_STANDARD_LIBRARIES = YES;
				BUNDLE_LOADER = "$(TEST_HOST)";
				CODE_SIGN_STYLE = Automatic;
				CURRENT_PROJECT_VERSION = 1;
				GENERATE_INFOPLIST_FILE = YES;
				IPHONEOS_DEPLOYMENT_TARGET = 17.2;
				MARKETING_VERSION = 1.0;
				PRODUCT_BUNDLE_IDENTIFIER = com.seneca.160535217.PersonalityQuizTests;
				PRODUCT_NAME = "$(TARGET_NAME)";
				SWIFT_EMIT_LOC_STRINGS = NO;
				SWIFT_VERSION = 5.0;
				TARGETED_DEVICE_FAMILY = "1,2";
				TEST_HOST = "$(BUILT_PRODUCTS_DIR)/PersonalityQuiz.app/$(BUNDLE_EXECUTABLE_FOLDER_PATH)/PersonalityQuiz";
			};
			name = Debug;
		};
		E9A190002BB4B28B008516E4 /* Release */ = {
			isa = XCBuildConfiguration;
			buildSettings = {
				ALWAYS_EMBED_SWIFT_STANDARD_LIBRARIES = YES;
				BUNDLE_LOADER = "$(TEST_HOST)";
				CODE_SIGN_STYLE = Automatic;
				CURRENT_PROJECT_VERSION = 1;
				GENERATE_INFOPLIST_FILE = YES;
				IPHONEOS_DEPLOYMENT_TARGET = 17.2;
				MARKETING_VERSION = 1.0;
				PRODUCT_BUNDLE_IDENTIFIER = com.seneca.160535217.PersonalityQuizTests;
				PRODUCT_NAME = "$(TARGET_NAME)";
				SWIFT_EMIT_LOC_STRINGS = NO;
				SWIFT_VERSION = 5.0;
				TARGETED_DEVICE_FAMILY = "1,2";
				TEST_HOST = "$(BUILT_PRODUCTS_DIR)/PersonalityQuiz.app/$(BUNDLE_EXECUTABLE_FOLDER_PATH)/PersonalityQuiz";
			};
			name = Release;
		};
		E9A190022BB4B28B008516E4 /* Debug */ = {
			isa = XCBuildConfiguration;
			buildSettings = {
				ALWAYS_EMBED_SWIFT_STANDARD_LIBRARIES = YES;
				CODE_SIGN_STYLE = Automatic;
				CURRENT_PROJECT_VERSION = 1;
				GENERATE_INFOPLIST_FILE = YES;
				MARKETING_VERSION = 1.0;
				PRODUCT_BUNDLE_IDENTIFIER = com.seneca.160535217.PersonalityQuizUITests;
				PRODUCT_NAME = "$(TARGET_NAME)";
				SWIFT_EMIT_LOC_STRINGS = NO;
				SWIFT_VERSION = 5.0;
				TARGETED_DEVICE_FAMILY = "1,2";
				TEST_TARGET_NAME = PersonalityQuiz;
			};
			name = Debug;
		};
		E9A190032BB4B28B008516E4 /* Release */ = {
			isa = XCBuildConfiguration;
			buildSettings = {
				ALWAYS_EMBED_SWIFT_STANDARD_LIBRARIES = YES;
				CODE_SIGN_STYLE = Automatic;
				CURRENT_PROJECT_VERSION = 1;
				GENERATE_INFOPLIST_FILE = YES;
				MARKETING_VERSION = 1.0;
				PRODUCT_BUNDLE_IDENTIFIER = com.seneca.160535217.PersonalityQuizUITests;
				PRODUCT_NAME = "$(TARGET_NAME)";
				SWIFT_EMIT_LOC_STRINGS = NO;
				SWIFT_VERSION = 5.0;
				TARGETED_DEVICE_FAMILY = "1,2";
				TEST_TARGET_NAME = PersonalityQuiz;
			};
			name = Release;
		};
/* End XCBuildConfiguration section */

/* Begin XCConfigurationList section */
		E9A18FC82BB4B289008516E4 /* Build configuration list for PBXProject "PersonalityQuiz" */ = {
			isa = XCConfigurationList;
			buildConfigurations = (
				E9A18FF92BB4B28B008516E4 /* Debug */,
				E9A18FFA2BB4B28B008516E4 /* Release */,
			);
			defaultConfigurationIsVisible = 0;
			defaultConfigurationName = Release;
		};
		E9A18FFB2BB4B28B008516E4 /* Build configuration list for PBXNativeTarget "PersonalityQuiz" */ = {
			isa = XCConfigurationList;
			buildConfigurations = (
				E9A18FFC2BB4B28B008516E4 /* Debug */,
				E9A18FFD2BB4B28B008516E4 /* Release */,
			);
			defaultConfigurationIsVisible = 0;
			defaultConfigurationName = Release;
		};
		E9A18FFE2BB4B28B008516E4 /* Build configuration list for PBXNativeTarget "PersonalityQuizTests" */ = {
			isa = XCConfigurationList;
			buildConfigurations = (
				E9A18FFF2BB4B28B008516E4 /* Debug */,
				E9A190002BB4B28B008516E4 /* Release */,
			);
			defaultConfigurationIsVisible = 0;
			defaultConfigurationName = Release;
		};
		E9A190012BB4B28B008516E4 /* Build configuration list for PBXNativeTarget "PersonalityQuizUITests" */ = {
			isa = XCConfigurationList;
			buildConfigurations = (
				E9A190022BB4B28B008516E4 /* Debug */,
				E9A190032BB4B28B008516E4 /* Release */,
			);
			defaultConfigurationIsVisible = 0;
			defaultConfigurationName = Release;
		};
/* End XCConfigurationList section */

/* Begin XCVersionGroup section */
		E9A18FD92BB4B289008516E4 /* PersonalityQuiz.xcdatamodeld */ = {
			isa = XCVersionGroup;
			children = (
				E9A18FDA2BB4B289008516E4 /* PersonalityQuiz.xcdatamodel */,
			);
			currentVersion = E9A18FDA2BB4B289008516E4 /* PersonalityQuiz.xcdatamodel */;
			path = PersonalityQuiz.xcdatamodeld;
			sourceTree = "<group>";
			versionGroupType = wrapper.xcdatamodel;
		};
/* End XCVersionGroup section */
	};
	rootObject = E9A18FC52BB4B289008516E4 /* Project object */;
}
